
Microsoft Visual Studio Solution File, Format Version 12.00
# Visual Studio Version 17
VisualStudioVersion = 17.13.35828.75 d17.13
MinimumVisualStudioVersion = 10.0.40219.1
Project("{FAE04EC0-301F-11D3-BF4B-00C04F79EFBC}") = "Tetris", "Tetris\Tetris.csproj", "{867189FE-4871-4694-A5A7-0840CF966AEC}"
EndProject
Global
	GlobalSection(SolutionConfigurationPlatforms) = preSolution
		Debug|Any CPU = Debug|Any CPU
		Release|Any CPU = Release|Any CPU
	EndGlobalSection
	GlobalSection(ProjectConfigurationPlatforms) = postSolution
		{867189FE-4871-4694-A5A7-0840CF966AEC}.Debug|Any CPU.ActiveCfg = Debug|Any CPU
		{867189FE-4871-4694-A5A7-0840CF966AEC}.Debug|Any CPU.Build.0 = Debug|Any CPU
		{867189FE-4871-4694-A5A7-0840CF966AEC}.Release|Any CPU.ActiveCfg = Release|Any CPU
		{867189FE-4871-4694-A5A7-0840CF966AEC}.Release|Any CPU.Build.0 = Release|Any CPU
	EndGlobalSection
	GlobalSection(SolutionProperties) = preSolution
		HideSolutionNode = FALSE
	EndGlobalSection
	GlobalSection(ExtensibilityGlobals) = postSolution
		SolutionGuid = {55373201-FFF4-42DA-BF23-5FA3CC4352FD}
	EndGlobalSection
EndGlobal
